{
  "lockfile-version": 0,
  "manifest": {
    "hook": {
      "script": "  # Autogenerated by flox\n\n  # Install nodejs depedencies\n  npm install\n\n  # End autogenerated by flox\n"
    },
    "install": {
      "nodejs": {
        "pkg-path": "nodejs"
      }
    },
    "options": {
      "systems": [
        "aarch64-darwin"
      ]
    },
    "registry": {
      "defaults": {
        "subtrees": null
      },
      "inputs": {
        "nixpkgs": {
          "from": {
            "owner": "NixOS",
            "ref": "release-23.11",
            "repo": "nixpkgs",
            "type": "github"
          },
          "subtrees": [
            "legacyPackages"
          ]
        }
      },
      "priority": [
        "nixpkgs"
      ]
    },
    "vars": {}
  },
  "packages": {
    "aarch64-darwin": {
      "nodejs": {
        "attr-path": [
          "legacyPackages",
          "aarch64-darwin",
          "nodejs"
        ],
        "info": {
          "broken": false,
          "description": "Event-driven I/O framework for the V8 JavaScript engine",
          "license": "MIT",
          "pname": "nodejs",
          "unfree": false,
          "version": "18.19.1"
        },
        "input": {
          "attrs": {
            "lastModified": 1710373328,
            "narHash": "sha256-84TeOyBo8HG/Qie8V3aojtqMC5Uc4loY5KIOxO0f6xk=",
            "owner": "NixOS",
            "repo": "nixpkgs",
            "rev": "446d09bfe74f1c893917a67baee88d978316fbc9",
            "type": "github"
          },
          "fingerprint": "1ceb55aab8cc407279023e45148c139feae70cbadb4a34e2656a70712fee785a",
          "url": "github:NixOS/nixpkgs/446d09bfe74f1c893917a67baee88d978316fbc9"
        },
        "priority": 5
      }
    }
  },
  "registry": {
    "defaults": {
      "subtrees": null
    },
    "inputs": {
      "nixpkgs": {
        "from": {
          "lastModified": 1710373328,
          "narHash": "sha256-84TeOyBo8HG/Qie8V3aojtqMC5Uc4loY5KIOxO0f6xk=",
          "owner": "NixOS",
          "repo": "nixpkgs",
          "rev": "446d09bfe74f1c893917a67baee88d978316fbc9",
          "type": "github"
        },
        "subtrees": [
          "legacyPackages"
        ]
      }
    },
    "priority": [
      "nixpkgs"
    ]
  }
}